
Microsoft Visual Studio Solution File, Format Version 12.00
# Visual Studio Version 16
VisualStudioVersion = 16.0.31025.194
MinimumVisualStudioVersion = 10.0.40219.1
Project("{FAE04EC0-301F-11D3-BF4B-00C04F79EFBC}") = "Vjezba5", "Vjezba5.csproj", "{F2BE8BF2-78A7-44F1-84EB-3530CDE115D2}"
EndProject
Global
	GlobalSection(SolutionConfigurationPlatforms) = preSolution
		Debug|Any CPU = Debug|Any CPU
		Release|Any CPU = Release|Any CPU
	EndGlobalSection
	GlobalSection(ProjectConfigurationPlatforms) = postSolution
		{F2BE8BF2-78A7-44F1-84EB-3530CDE115D2}.Debug|Any CPU.ActiveCfg = Debug|Any CPU
		{F2BE8BF2-78A7-44F1-84EB-3530CDE115D2}.Debug|Any CPU.Build.0 = Debug|Any CPU
		{F2BE8BF2-78A7-44F1-84EB-3530CDE115D2}.Release|Any CPU.ActiveCfg = Release|Any CPU
		{F2BE8BF2-78A7-44F1-84EB-3530CDE115D2}.Release|Any CPU.Build.0 = Release|Any CPU
	EndGlobalSection
	GlobalSection(SolutionProperties) = preSolution
		HideSolutionNode = FALSE
	EndGlobalSection
	GlobalSection(ExtensibilityGlobals) = postSolution
		SolutionGuid = {32D3E3C9-D312-43CE-8767-CE01F8C6AE03}
	EndGlobalSection
EndGlobal
