
Microsoft Visual Studio Solution File, Format Version 12.00
# Visual Studio Version 16
VisualStudioVersion = 16.0.31025.194
MinimumVisualStudioVersion = 10.0.40219.1
Project("{FAE04EC0-301F-11D3-BF4B-00C04F79EFBC}") = "Vjezba2", "Vjezba2.csproj", "{2FB207B2-D790-484F-B7D3-B65CBF72C9D9}"
EndProject
Global
	GlobalSection(SolutionConfigurationPlatforms) = preSolution
		Debug|Any CPU = Debug|Any CPU
		Release|Any CPU = Release|Any CPU
	EndGlobalSection
	GlobalSection(ProjectConfigurationPlatforms) = postSolution
		{2FB207B2-D790-484F-B7D3-B65CBF72C9D9}.Debug|Any CPU.ActiveCfg = Debug|Any CPU
		{2FB207B2-D790-484F-B7D3-B65CBF72C9D9}.Debug|Any CPU.Build.0 = Debug|Any CPU
		{2FB207B2-D790-484F-B7D3-B65CBF72C9D9}.Release|Any CPU.ActiveCfg = Release|Any CPU
		{2FB207B2-D790-484F-B7D3-B65CBF72C9D9}.Release|Any CPU.Build.0 = Release|Any CPU
	EndGlobalSection
	GlobalSection(SolutionProperties) = preSolution
		HideSolutionNode = FALSE
	EndGlobalSection
	GlobalSection(ExtensibilityGlobals) = postSolution
		SolutionGuid = {48F96DE9-E8F8-4B91-98A5-C3D0E3C4F64F}
	EndGlobalSection
EndGlobal
