
Microsoft Visual Studio Solution File, Format Version 12.00
# Visual Studio Version 16
VisualStudioVersion = 16.0.31025.194
MinimumVisualStudioVersion = 10.0.40219.1
Project("{FAE04EC0-301F-11D3-BF4B-00C04F79EFBC}") = "Vjezba3", "Vjezba3.csproj", "{CBAD0DB4-3849-4AF7-9F5E-1C69DDDADF2D}"
EndProject
Global
	GlobalSection(SolutionConfigurationPlatforms) = preSolution
		Debug|Any CPU = Debug|Any CPU
		Release|Any CPU = Release|Any CPU
	EndGlobalSection
	GlobalSection(ProjectConfigurationPlatforms) = postSolution
		{CBAD0DB4-3849-4AF7-9F5E-1C69DDDADF2D}.Debug|Any CPU.ActiveCfg = Debug|Any CPU
		{CBAD0DB4-3849-4AF7-9F5E-1C69DDDADF2D}.Debug|Any CPU.Build.0 = Debug|Any CPU
		{CBAD0DB4-3849-4AF7-9F5E-1C69DDDADF2D}.Release|Any CPU.ActiveCfg = Release|Any CPU
		{CBAD0DB4-3849-4AF7-9F5E-1C69DDDADF2D}.Release|Any CPU.Build.0 = Release|Any CPU
	EndGlobalSection
	GlobalSection(SolutionProperties) = preSolution
		HideSolutionNode = FALSE
	EndGlobalSection
	GlobalSection(ExtensibilityGlobals) = postSolution
		SolutionGuid = {58F17274-1D32-414B-AF61-E6CFE49F8558}
	EndGlobalSection
EndGlobal
